{
  "originHash" : "4184c3125d807f13bb7fd108f3bd693ef717006148fdc537221a7615f1fbb581",
  "pins" : [
    {
      "identity" : "datacompression",
      "kind" : "remoteSourceControl",
      "location" : "https://github.com/mw99/DataCompression.git",
      "state" : {
        "revision" : "5ab15951321b08b74511601cbd0497667649d70b",
        "version" : "3.8.0"
      }
    },
    {
      "identity" : "tarscape",
      "kind" : "remoteSourceControl",
      "location" : "https://github.com/kayembi/Tarscape.git",
      "state" : {
        "branch" : "main",
        "revision" : "ce026160f8f009275afd1cc8175a199aa3ec0072"
      }
    }
  ],
  "version" : 3
}
