{
  "originHash" : "0272d8c1b0278a3c4226a3adfda1f81284ed971a59ff4a34d7606c6e22c13a61",
  "pins" : [
    {
      "identity" : "datacompression",
      "kind" : "remoteSourceControl",
      "location" : "https://github.com/mw99/DataCompression.git",
      "state" : {
        "revision" : "5ab15951321b08b74511601cbd0497667649d70b",
        "version" : "3.8.0"
      }
    },
    {
      "identity" : "tarscape",
      "kind" : "remoteSourceControl",
      "location" : "https://github.com/kayembi/Tarscape.git",
      "state" : {
        "branch" : "main",
        "revision" : "ce026160f8f009275afd1cc8175a199aa3ec0072"
      }
    },
    {
      "identity" : "voicevoxcoreswift",
      "kind" : "remoteSourceControl",
      "location" : "https://github.com/yamachu/VoicevoxCoreSwift.git",
      "state" : {
        "branch" : "main",
        "revision" : "6f78502355d865dd3bf1846587d6e1f0557d463a"
      }
    }
  ],
  "version" : 3
}
